
Microsoft Visual Studio Solution File, Format Version 12.00
# Visual Studio Version 16
VisualStudioVersion = 25.0.1700.3
MinimumVisualStudioVersion = 10.0.40219.1
Project("{FAE04EC0-301F-11D3-BF4B-00C04F79EFBC}") = "WexAssessmentApi", "WexAssessmentApi\WexAssessmentApi.csproj", "{CA71D5A7-1E6A-4EDA-B0F6-3D5E59D4F12F}"
EndProject
Project("{FAE04EC0-301F-11D3-BF4B-00C04F79EFBC}") = "IdentityServer", "IdentityServer\IdentityServer.csproj", "{EBB2A1AE-5F07-40AF-9917-CF8AEE49041A}"
EndProject
Global
	GlobalSection(SolutionConfigurationPlatforms) = preSolution
		Debug|Any CPU = Debug|Any CPU
		Release|Any CPU = Release|Any CPU
	EndGlobalSection
	GlobalSection(ProjectConfigurationPlatforms) = postSolution
		{CA71D5A7-1E6A-4EDA-B0F6-3D5E59D4F12F}.Debug|Any CPU.ActiveCfg = Debug|Any CPU
		{CA71D5A7-1E6A-4EDA-B0F6-3D5E59D4F12F}.Debug|Any CPU.Build.0 = Debug|Any CPU
		{CA71D5A7-1E6A-4EDA-B0F6-3D5E59D4F12F}.Release|Any CPU.ActiveCfg = Release|Any CPU
		{CA71D5A7-1E6A-4EDA-B0F6-3D5E59D4F12F}.Release|Any CPU.Build.0 = Release|Any CPU
		{EBB2A1AE-5F07-40AF-9917-CF8AEE49041A}.Debug|Any CPU.ActiveCfg = Debug|Any CPU
		{EBB2A1AE-5F07-40AF-9917-CF8AEE49041A}.Debug|Any CPU.Build.0 = Debug|Any CPU
		{EBB2A1AE-5F07-40AF-9917-CF8AEE49041A}.Release|Any CPU.ActiveCfg = Release|Any CPU
		{EBB2A1AE-5F07-40AF-9917-CF8AEE49041A}.Release|Any CPU.Build.0 = Release|Any CPU
	EndGlobalSection
	GlobalSection(SolutionProperties) = preSolution
		HideSolutionNode = FALSE
	EndGlobalSection
	GlobalSection(ExtensibilityGlobals) = postSolution
		SolutionGuid = {8F60CD46-642A-4E3C-9E8A-882E13CD7D03}
	EndGlobalSection
EndGlobal
